// !$*UTF8*$!
{
	archiveVersion = 1;
	classes = {
	};
	objectVersion = 46;
	objects = {

/* Begin PBXBuildFile section */
		041F5E711EC1524B00DE7465 /* main.m in Sources */ = {isa = PBXBuildFile; fileRef = 041F5E701EC1524B00DE7465 /* main.m */; };
		041F5E741EC1524B00DE7465 /* AppDelegate.m in Sources */ = {isa = PBXBuildFile; fileRef = 041F5E731EC1524B00DE7465 /* AppDelegate.m */; };
		041F5E771EC1524B00DE7465 /* ViewController.m in Sources */ = {isa = PBXBuildFile; fileRef = 041F5E761EC1524B00DE7465 /* ViewController.m */; };
		041F5E7A1EC1524B00DE7465 /* Main.storyboard in Resources */ = {isa = PBXBuildFile; fileRef = 041F5E781EC1524B00DE7465 /* Main.storyboard */; };
		041F5E7C1EC1524B00DE7465 /* Assets.xcassets in Resources */ = {isa = PBXBuildFile; fileRef = 041F5E7B1EC1524B00DE7465 /* Assets.xcassets */; };
		041F5E7F1EC1524B00DE7465 /* LaunchScreen.storyboard in Resources */ = {isa = PBXBuildFile; fileRef = 041F5E7D1EC1524B00DE7465 /* LaunchScreen.storyboard */; };
		041F5E851EC1567E00DE7465 /* texture0.jpg in Resources */ = {isa = PBXBuildFile; fileRef = 041F5E841EC1567E00DE7465 /* texture0.jpg */; };
		044874A61EC5B13F00587AD7 /* esShader.c in Sources */ = {isa = PBXBuildFile; fileRef = 044874A01EC5B13F00587AD7 /* esShader.c */; };
		044874A71EC5B13F00587AD7 /* esTransform.c in Sources */ = {isa = PBXBuildFile; fileRef = 044874A11EC5B13F00587AD7 /* esTransform.c */; };
		044874A81EC5B13F00587AD7 /* esUtil.c in Sources */ = {isa = PBXBuildFile; fileRef = 044874A21EC5B13F00587AD7 /* esUtil.c */; };
		044874A91EC5B13F00587AD7 /* esUtil1.h in Headers */ = {isa = PBXBuildFile; fileRef = 044874A31EC5B13F00587AD7 /* esUtil1.h */; };
		044874AB1EC5B13F00587AD7 /* esFileWrapper.m in Sources */ = {isa = PBXBuildFile; fileRef = 044874A51EC5B13F00587AD7 /* esFileWrapper.m */; };
		0484B2E91EBC4A60003C5BBF /* main.m in Sources */ = {isa = PBXBuildFile; fileRef = 0484B2E81EBC4A60003C5BBF /* main.m */; };
		0484B2EC1EBC4A60003C5BBF /* AppDelegate.m in Sources */ = {isa = PBXBuildFile; fileRef = 0484B2EB1EBC4A60003C5BBF /* AppDelegate.m */; };
		0484B2EF1EBC4A60003C5BBF /* ViewController.m in Sources */ = {isa = PBXBuildFile; fileRef = 0484B2EE1EBC4A60003C5BBF /* ViewController.m */; };
		0484B2F21EBC4A60003C5BBF /* Main.storyboard in Resources */ = {isa = PBXBuildFile; fileRef = 0484B2F01EBC4A60003C5BBF /* Main.storyboard */; };
		0484B2F41EBC4A60003C5BBF /* Assets.xcassets in Resources */ = {isa = PBXBuildFile; fileRef = 0484B2F31EBC4A60003C5BBF /* Assets.xcassets */; };
		0484B2F71EBC4A60003C5BBF /* LaunchScreen.storyboard in Resources */ = {isa = PBXBuildFile; fileRef = 0484B2F51EBC4A60003C5BBF /* LaunchScreen.storyboard */; };
		0484B3021EBC4AC3003C5BBF /* esShader.c in Sources */ = {isa = PBXBuildFile; fileRef = 0484B2FD1EBC4AC3003C5BBF /* esShader.c */; };
		0484B3031EBC4AC3003C5BBF /* esUtil.c in Sources */ = {isa = PBXBuildFile; fileRef = 0484B2FE1EBC4AC3003C5BBF /* esUtil.c */; };
		0484B3041EBC4AC3003C5BBF /* FileWrapper.m in Sources */ = {isa = PBXBuildFile; fileRef = 0484B3011EBC4AC3003C5BBF /* FileWrapper.m */; };
		0484B30A1EBC4AD9003C5BBF /* Triangle_F_Shader.glsl in Resources */ = {isa = PBXBuildFile; fileRef = 0484B3071EBC4AD9003C5BBF /* Triangle_F_Shader.glsl */; };
		0484B30B1EBC4AD9003C5BBF /* Triangle_V_Shader.glsl in Resources */ = {isa = PBXBuildFile; fileRef = 0484B3081EBC4AD9003C5BBF /* Triangle_V_Shader.glsl */; };
		0484B30D1EBC6CA2003C5BBF /* Triangle.c in Sources */ = {isa = PBXBuildFile; fileRef = 0484B30C1EBC6CA2003C5BBF /* Triangle.c */; };
		0484B3161EBC6D1E003C5BBF /* main.m in Sources */ = {isa = PBXBuildFile; fileRef = 0484B3151EBC6D1E003C5BBF /* main.m */; };
		0484B3191EBC6D1E003C5BBF /* AppDelegate.m in Sources */ = {isa = PBXBuildFile; fileRef = 0484B3181EBC6D1E003C5BBF /* AppDelegate.m */; };
		0484B31C1EBC6D1E003C5BBF /* ViewController.m in Sources */ = {isa = PBXBuildFile; fileRef = 0484B31B1EBC6D1E003C5BBF /* ViewController.m */; };
		0484B31F1EBC6D1E003C5BBF /* Main.storyboard in Resources */ = {isa = PBXBuildFile; fileRef = 0484B31D1EBC6D1E003C5BBF /* Main.storyboard */; };
		0484B3211EBC6D1E003C5BBF /* Assets.xcassets in Resources */ = {isa = PBXBuildFile; fileRef = 0484B3201EBC6D1E003C5BBF /* Assets.xcassets */; };
		0484B3241EBC6D1E003C5BBF /* LaunchScreen.storyboard in Resources */ = {isa = PBXBuildFile; fileRef = 0484B3221EBC6D1E003C5BBF /* LaunchScreen.storyboard */; };
		0484B32F1EBC6D28003C5BBF /* esShader.c in Sources */ = {isa = PBXBuildFile; fileRef = 0484B32A1EBC6D28003C5BBF /* esShader.c */; };
		0484B3301EBC6D28003C5BBF /* esUtil.c in Sources */ = {isa = PBXBuildFile; fileRef = 0484B32B1EBC6D28003C5BBF /* esUtil.c */; };
		0484B3311EBC6D28003C5BBF /* FileWrapper.m in Sources */ = {isa = PBXBuildFile; fileRef = 0484B32E1EBC6D28003C5BBF /* FileWrapper.m */; };
		0484B3361EBC6D31003C5BBF /* Triangle.c in Sources */ = {isa = PBXBuildFile; fileRef = 0484B3331EBC6D31003C5BBF /* Triangle.c */; };
		0484B3371EBC6D31003C5BBF /* Triangle_F_Shader.glsl in Resources */ = {isa = PBXBuildFile; fileRef = 0484B3341EBC6D31003C5BBF /* Triangle_F_Shader.glsl */; };
		0484B3381EBC6D31003C5BBF /* Triangle_V_Shader.glsl in Resources */ = {isa = PBXBuildFile; fileRef = 0484B3351EBC6D31003C5BBF /* Triangle_V_Shader.glsl */; };
		04A71BAD1EC58DC200E290C8 /* main.m in Sources */ = {isa = PBXBuildFile; fileRef = 04A71BAC1EC58DC200E290C8 /* main.m */; };
		04A71BB01EC58DC200E290C8 /* AppDelegate.m in Sources */ = {isa = PBXBuildFile; fileRef = 04A71BAF1EC58DC200E290C8 /* AppDelegate.m */; };
		04A71BB61EC58DC200E290C8 /* Main.storyboard in Resources */ = {isa = PBXBuildFile; fileRef = 04A71BB41EC58DC200E290C8 /* Main.storyboard */; };
		04A71BB81EC58DC200E290C8 /* Assets.xcassets in Resources */ = {isa = PBXBuildFile; fileRef = 04A71BB71EC58DC200E290C8 /* Assets.xcassets */; };
		04A71BBB1EC58DC200E290C8 /* LaunchScreen.storyboard in Resources */ = {isa = PBXBuildFile; fileRef = 04A71BB91EC58DC200E290C8 /* LaunchScreen.storyboard */; };
		04A71BC41EC58E0100E290C8 /* fShader.glsl in Resources */ = {isa = PBXBuildFile; fileRef = 04A71BC21EC58E0100E290C8 /* fShader.glsl */; };
		04A71BC51EC58E0100E290C8 /* vShader.glsl in Resources */ = {isa = PBXBuildFile; fileRef = 04A71BC31EC58E0100E290C8 /* vShader.glsl */; };
		04A71BC91EC58E1800E290C8 /* esShader.c in Sources */ = {isa = PBXBuildFile; fileRef = 04A71BC61EC58E1800E290C8 /* esShader.c */; };
		04A71BCA1EC58E1800E290C8 /* esTransform.c in Sources */ = {isa = PBXBuildFile; fileRef = 04A71BC71EC58E1800E290C8 /* esTransform.c */; };
		04A71BCB1EC58E1800E290C8 /* esUtil.c in Sources */ = {isa = PBXBuildFile; fileRef = 04A71BC81EC58E1800E290C8 /* esUtil.c */; };
		04A71BCE1EC58E4100E290C8 /* FileWrapper.m in Sources */ = {isa = PBXBuildFile; fileRef = 04A71BCD1EC58E4100E290C8 /* FileWrapper.m */; };
		04A71BD11EC58E4E00E290C8 /* ViewController.m in Sources */ = {isa = PBXBuildFile; fileRef = 04A71BD01EC58E4E00E290C8 /* ViewController.m */; };
		04A71BD81EC590CA00E290C8 /* Cube.c in Sources */ = {isa = PBXBuildFile; fileRef = 04A71BD71EC590CA00E290C8 /* Cube.c */; };
		04A71BE11EC59D4D00E290C8 /* main.m in Sources */ = {isa = PBXBuildFile; fileRef = 04A71BE01EC59D4D00E290C8 /* main.m */; };
		04A71BE41EC59D4D00E290C8 /* AppDelegate.m in Sources */ = {isa = PBXBuildFile; fileRef = 04A71BE31EC59D4D00E290C8 /* AppDelegate.m */; };
		04A71BEA1EC59D4D00E290C8 /* Main.storyboard in Resources */ = {isa = PBXBuildFile; fileRef = 04A71BE81EC59D4D00E290C8 /* Main.storyboard */; };
		04A71BEC1EC59D4D00E290C8 /* Assets.xcassets in Resources */ = {isa = PBXBuildFile; fileRef = 04A71BEB1EC59D4D00E290C8 /* Assets.xcassets */; };
		04A71BEF1EC59D4D00E290C8 /* LaunchScreen.storyboard in Resources */ = {isa = PBXBuildFile; fileRef = 04A71BED1EC59D4D00E290C8 /* LaunchScreen.storyboard */; };
		04A71C031EC59D6800E290C8 /* Cube.c in Sources */ = {isa = PBXBuildFile; fileRef = 04A71BFC1EC59D6800E290C8 /* Cube.c */; };
		04A71C041EC59D6800E290C8 /* fShader.glsl in Resources */ = {isa = PBXBuildFile; fileRef = 04A71BFD1EC59D6800E290C8 /* fShader.glsl */; };
		04A71C051EC59D6800E290C8 /* vShader.glsl in Resources */ = {isa = PBXBuildFile; fileRef = 04A71BFE1EC59D6800E290C8 /* vShader.glsl */; };
		04A71C081EC59D7100E290C8 /* ViewController.m in Sources */ = {isa = PBXBuildFile; fileRef = 04A71C071EC59D7100E290C8 /* ViewController.m */; };
		04A71C0D1EC5A01500E290C8 /* texture0.jpg in Resources */ = {isa = PBXBuildFile; fileRef = 04A71C0B1EC5A01500E290C8 /* texture0.jpg */; };
		04A71C0E1EC5A01500E290C8 /* texture1.png in Resources */ = {isa = PBXBuildFile; fileRef = 04A71C0C1EC5A01500E290C8 /* texture1.png */; };
		04D0B3F61EC20C620049F073 /* texture1.png in Resources */ = {isa = PBXBuildFile; fileRef = 04D0B3F51EC20C620049F073 /* texture1.png */; };
		04D20AA81EC0717200FC8F20 /* main.m in Sources */ = {isa = PBXBuildFile; fileRef = 04D20AA71EC0717200FC8F20 /* main.m */; };
		04D20AAB1EC0717200FC8F20 /* AppDelegate.m in Sources */ = {isa = PBXBuildFile; fileRef = 04D20AAA1EC0717200FC8F20 /* AppDelegate.m */; };
		04D20AAE1EC0717200FC8F20 /* ViewController.m in Sources */ = {isa = PBXBuildFile; fileRef = 04D20AAD1EC0717200FC8F20 /* ViewController.m */; };
		04D20AB11EC0717200FC8F20 /* Main.storyboard in Resources */ = {isa = PBXBuildFile; fileRef = 04D20AAF1EC0717200FC8F20 /* Main.storyboard */; };
		04D20AB31EC0717200FC8F20 /* Assets.xcassets in Resources */ = {isa = PBXBuildFile; fileRef = 04D20AB21EC0717200FC8F20 /* Assets.xcassets */; };
		04D20AB61EC0717200FC8F20 /* LaunchScreen.storyboard in Resources */ = {isa = PBXBuildFile; fileRef = 04D20AB41EC0717200FC8F20 /* LaunchScreen.storyboard */; };
/* End PBXBuildFile section */

/* Begin PBXFileReference section */
		041F5E6D1EC1524B00DE7465 /* Texture_GLKit.app */ = {isa = PBXFileReference; explicitFileType = wrapper.application; includeInIndex = 0; path = Texture_GLKit.app; sourceTree = BUILT_PRODUCTS_DIR; };
		041F5E701EC1524B00DE7465 /* main.m */ = {isa = PBXFileReference; lastKnownFileType = sourcecode.c.objc; path = main.m; sourceTree = "<group>"; };
		041F5E721EC1524B00DE7465 /* AppDelegate.h */ = {isa = PBXFileReference; lastKnownFileType = sourcecode.c.h; path = AppDelegate.h; sourceTree = "<group>"; };
		041F5E731EC1524B00DE7465 /* AppDelegate.m */ = {isa = PBXFileReference; lastKnownFileType = sourcecode.c.objc; path = AppDelegate.m; sourceTree = "<group>"; };
		041F5E751EC1524B00DE7465 /* ViewController.h */ = {isa = PBXFileReference; lastKnownFileType = sourcecode.c.h; path = ViewController.h; sourceTree = "<group>"; };
		041F5E761EC1524B00DE7465 /* ViewController.m */ = {isa = PBXFileReference; lastKnownFileType = sourcecode.c.objc; path = ViewController.m; sourceTree = "<group>"; };
		041F5E791EC1524B00DE7465 /* Base */ = {isa = PBXFileReference; lastKnownFileType = file.storyboard; name = Base; path = Base.lproj/Main.storyboard; sourceTree = "<group>"; };
		041F5E7B1EC1524B00DE7465 /* Assets.xcassets */ = {isa = PBXFileReference; lastKnownFileType = folder.assetcatalog; path = Assets.xcassets; sourceTree = "<group>"; };
		041F5E7E1EC1524B00DE7465 /* Base */ = {isa = PBXFileReference; lastKnownFileType = file.storyboard; name = Base; path = Base.lproj/LaunchScreen.storyboard; sourceTree = "<group>"; };
		041F5E801EC1524B00DE7465 /* Info.plist */ = {isa = PBXFileReference; lastKnownFileType = text.plist.xml; path = Info.plist; sourceTree = "<group>"; };
		041F5E841EC1567E00DE7465 /* texture0.jpg */ = {isa = PBXFileReference; lastKnownFileType = image.jpeg; path = texture0.jpg; sourceTree = "<group>"; };
		044874A01EC5B13F00587AD7 /* esShader.c */ = {isa = PBXFileReference; fileEncoding = 4; lastKnownFileType = sourcecode.c.c; path = esShader.c; sourceTree = "<group>"; };
		044874A11EC5B13F00587AD7 /* esTransform.c */ = {isa = PBXFileReference; fileEncoding = 4; lastKnownFileType = sourcecode.c.c; path = esTransform.c; sourceTree = "<group>"; };
		044874A21EC5B13F00587AD7 /* esUtil.c */ = {isa = PBXFileReference; fileEncoding = 4; lastKnownFileType = sourcecode.c.c; path = esUtil.c; sourceTree = "<group>"; };
		044874A31EC5B13F00587AD7 /* esUtil1.h */ = {isa = PBXFileReference; fileEncoding = 4; lastKnownFileType = sourcecode.c.h; path = esUtil1.h; sourceTree = "<group>"; };
		044874A41EC5B13F00587AD7 /* esFileWrapper.h */ = {isa = PBXFileReference; fileEncoding = 4; lastKnownFileType = sourcecode.c.h; path = esFileWrapper.h; sourceTree = "<group>"; };
		044874A51EC5B13F00587AD7 /* esFileWrapper.m */ = {isa = PBXFileReference; fileEncoding = 4; lastKnownFileType = sourcecode.c.objc; path = esFileWrapper.m; sourceTree = "<group>"; };
		0484B2E51EBC4A60003C5BBF /* Triangle.app */ = {isa = PBXFileReference; explicitFileType = wrapper.application; includeInIndex = 0; path = Triangle.app; sourceTree = BUILT_PRODUCTS_DIR; };
		0484B2E81EBC4A60003C5BBF /* main.m */ = {isa = PBXFileReference; lastKnownFileType = sourcecode.c.objc; path = main.m; sourceTree = "<group>"; };
		0484B2EA1EBC4A60003C5BBF /* AppDelegate.h */ = {isa = PBXFileReference; lastKnownFileType = sourcecode.c.h; path = AppDelegate.h; sourceTree = "<group>"; };
		0484B2EB1EBC4A60003C5BBF /* AppDelegate.m */ = {isa = PBXFileReference; lastKnownFileType = sourcecode.c.objc; path = AppDelegate.m; sourceTree = "<group>"; };
		0484B2ED1EBC4A60003C5BBF /* ViewController.h */ = {isa = PBXFileReference; lastKnownFileType = sourcecode.c.h; path = ViewController.h; sourceTree = "<group>"; };
		0484B2EE1EBC4A60003C5BBF /* ViewController.m */ = {isa = PBXFileReference; lastKnownFileType = sourcecode.c.objc; path = ViewController.m; sourceTree = "<group>"; };
		0484B2F11EBC4A60003C5BBF /* Base */ = {isa = PBXFileReference; lastKnownFileType = file.storyboard; name = Base; path = Base.lproj/Main.storyboard; sourceTree = "<group>"; };
		0484B2F31EBC4A60003C5BBF /* Assets.xcassets */ = {isa = PBXFileReference; lastKnownFileType = folder.assetcatalog; path = Assets.xcassets; sourceTree = "<group>"; };
		0484B2F61EBC4A60003C5BBF /* Base */ = {isa = PBXFileReference; lastKnownFileType = file.storyboard; name = Base; path = Base.lproj/LaunchScreen.storyboard; sourceTree = "<group>"; };
		0484B2F81EBC4A60003C5BBF /* Info.plist */ = {isa = PBXFileReference; lastKnownFileType = text.plist.xml; path = Info.plist; sourceTree = "<group>"; };
		0484B2FD1EBC4AC3003C5BBF /* esShader.c */ = {isa = PBXFileReference; fileEncoding = 4; lastKnownFileType = sourcecode.c.c; path = esShader.c; sourceTree = "<group>"; };
		0484B2FE1EBC4AC3003C5BBF /* esUtil.c */ = {isa = PBXFileReference; fileEncoding = 4; lastKnownFileType = sourcecode.c.c; path = esUtil.c; sourceTree = "<group>"; };
		0484B2FF1EBC4AC3003C5BBF /* esUtil.h */ = {isa = PBXFileReference; fileEncoding = 4; lastKnownFileType = sourcecode.c.h; path = esUtil.h; sourceTree = "<group>"; };
		0484B3001EBC4AC3003C5BBF /* FileWrapper.h */ = {isa = PBXFileReference; fileEncoding = 4; lastKnownFileType = sourcecode.c.h; path = FileWrapper.h; sourceTree = "<group>"; };
		0484B3011EBC4AC3003C5BBF /* FileWrapper.m */ = {isa = PBXFileReference; fileEncoding = 4; lastKnownFileType = sourcecode.c.objc; path = FileWrapper.m; sourceTree = "<group>"; };
		0484B3071EBC4AD9003C5BBF /* Triangle_F_Shader.glsl */ = {isa = PBXFileReference; fileEncoding = 4; lastKnownFileType = text; path = Triangle_F_Shader.glsl; sourceTree = "<group>"; };
		0484B3081EBC4AD9003C5BBF /* Triangle_V_Shader.glsl */ = {isa = PBXFileReference; fileEncoding = 4; lastKnownFileType = text; path = Triangle_V_Shader.glsl; sourceTree = "<group>"; };
		0484B30C1EBC6CA2003C5BBF /* Triangle.c */ = {isa = PBXFileReference; fileEncoding = 4; lastKnownFileType = sourcecode.c.c; path = Triangle.c; sourceTree = "<group>"; };
		0484B3121EBC6D1E003C5BBF /* Triangle_animation.app */ = {isa = PBXFileReference; explicitFileType = wrapper.application; includeInIndex = 0; path = Triangle_animation.app; sourceTree = BUILT_PRODUCTS_DIR; };
		0484B3151EBC6D1E003C5BBF /* main.m */ = {isa = PBXFileReference; lastKnownFileType = sourcecode.c.objc; path = main.m; sourceTree = "<group>"; };
		0484B3171EBC6D1E003C5BBF /* AppDelegate.h */ = {isa = PBXFileReference; lastKnownFileType = sourcecode.c.h; path = AppDelegate.h; sourceTree = "<group>"; };
		0484B3181EBC6D1E003C5BBF /* AppDelegate.m */ = {isa = PBXFileReference; lastKnownFileType = sourcecode.c.objc; path = AppDelegate.m; sourceTree = "<group>"; };
		0484B31A1EBC6D1E003C5BBF /* ViewController.h */ = {isa = PBXFileReference; lastKnownFileType = sourcecode.c.h; path = ViewController.h; sourceTree = "<group>"; };
		0484B31B1EBC6D1E003C5BBF /* ViewController.m */ = {isa = PBXFileReference; lastKnownFileType = sourcecode.c.objc; path = ViewController.m; sourceTree = "<group>"; };
		0484B31E1EBC6D1E003C5BBF /* Base */ = {isa = PBXFileReference; lastKnownFileType = file.storyboard; name = Base; path = Base.lproj/Main.storyboard; sourceTree = "<group>"; };
		0484B3201EBC6D1E003C5BBF /* Assets.xcassets */ = {isa = PBXFileReference; lastKnownFileType = folder.assetcatalog; path = Assets.xcassets; sourceTree = "<group>"; };
		0484B3231EBC6D1E003C5BBF /* Base */ = {isa = PBXFileReference; lastKnownFileType = file.storyboard; name = Base; path = Base.lproj/LaunchScreen.storyboard; sourceTree = "<group>"; };
		0484B3251EBC6D1E003C5BBF /* Info.plist */ = {isa = PBXFileReference; lastKnownFileType = text.plist.xml; path = Info.plist; sourceTree = "<group>"; };
		0484B32A1EBC6D28003C5BBF /* esShader.c */ = {isa = PBXFileReference; fileEncoding = 4; lastKnownFileType = sourcecode.c.c; path = esShader.c; sourceTree = "<group>"; };
		0484B32B1EBC6D28003C5BBF /* esUtil.c */ = {isa = PBXFileReference; fileEncoding = 4; lastKnownFileType = sourcecode.c.c; path = esUtil.c; sourceTree = "<group>"; };
		0484B32C1EBC6D28003C5BBF /* esUtil.h */ = {isa = PBXFileReference; fileEncoding = 4; lastKnownFileType = sourcecode.c.h; path = esUtil.h; sourceTree = "<group>"; };
		0484B32D1EBC6D28003C5BBF /* FileWrapper.h */ = {isa = PBXFileReference; fileEncoding = 4; lastKnownFileType = sourcecode.c.h; path = FileWrapper.h; sourceTree = "<group>"; };
		0484B32E1EBC6D28003C5BBF /* FileWrapper.m */ = {isa = PBXFileReference; fileEncoding = 4; lastKnownFileType = sourcecode.c.objc; path = FileWrapper.m; sourceTree = "<group>"; };
		0484B3331EBC6D31003C5BBF /* Triangle.c */ = {isa = PBXFileReference; fileEncoding = 4; lastKnownFileType = sourcecode.c.c; path = Triangle.c; sourceTree = "<group>"; };
		0484B3341EBC6D31003C5BBF /* Triangle_F_Shader.glsl */ = {isa = PBXFileReference; fileEncoding = 4; lastKnownFileType = text; path = Triangle_F_Shader.glsl; sourceTree = "<group>"; };
		0484B3351EBC6D31003C5BBF /* Triangle_V_Shader.glsl */ = {isa = PBXFileReference; fileEncoding = 4; lastKnownFileType = text; path = Triangle_V_Shader.glsl; sourceTree = "<group>"; };
		0484B33A1EBC6EF3003C5BBF /* OpenGLES.framework */ = {isa = PBXFileReference; lastKnownFileType = wrapper.framework; name = OpenGLES.framework; path = System/Library/Frameworks/OpenGLES.framework; sourceTree = SDKROOT; };
		0484B33C1EBC6F2D003C5BBF /* libGLEW.2.0.0.dylib */ = {isa = PBXFileReference; lastKnownFileType = "compiled.mach-o.dylib"; name = libGLEW.2.0.0.dylib; path = ../../../../../../usr/local/Cellar/glew/2.0.0/lib/libGLEW.2.0.0.dylib; sourceTree = "<group>"; };
		0484B33E1EBC6F65003C5BBF /* libglfw.3.2.dylib */ = {isa = PBXFileReference; lastKnownFileType = "compiled.mach-o.dylib"; name = libglfw.3.2.dylib; path = ../../../../../../usr/local/Cellar/glfw/3.2.1/lib/libglfw.3.2.dylib; sourceTree = "<group>"; };
		0484B3C21EC00CDC003C5BBF /* GLKit.framework */ = {isa = PBXFileReference; lastKnownFileType = wrapper.framework; name = GLKit.framework; path = System/Library/Frameworks/GLKit.framework; sourceTree = SDKROOT; };
		04A71BA91EC58DC100E290C8 /* Cube.app */ = {isa = PBXFileReference; explicitFileType = wrapper.application; includeInIndex = 0; path = Cube.app; sourceTree = BUILT_PRODUCTS_DIR; };
		04A71BAC1EC58DC200E290C8 /* main.m */ = {isa = PBXFileReference; lastKnownFileType = sourcecode.c.objc; path = main.m; sourceTree = "<group>"; };
		04A71BAE1EC58DC200E290C8 /* AppDelegate.h */ = {isa = PBXFileReference; lastKnownFileType = sourcecode.c.h; path = AppDelegate.h; sourceTree = "<group>"; };
		04A71BAF1EC58DC200E290C8 /* AppDelegate.m */ = {isa = PBXFileReference; lastKnownFileType = sourcecode.c.objc; path = AppDelegate.m; sourceTree = "<group>"; };
		04A71BB51EC58DC200E290C8 /* Base */ = {isa = PBXFileReference; lastKnownFileType = file.storyboard; name = Base; path = Base.lproj/Main.storyboard; sourceTree = "<group>"; };
		04A71BB71EC58DC200E290C8 /* Assets.xcassets */ = {isa = PBXFileReference; lastKnownFileType = folder.assetcatalog; path = Assets.xcassets; sourceTree = "<group>"; };
		04A71BBA1EC58DC200E290C8 /* Base */ = {isa = PBXFileReference; lastKnownFileType = file.storyboard; name = Base; path = Base.lproj/LaunchScreen.storyboard; sourceTree = "<group>"; };
		04A71BBC1EC58DC200E290C8 /* Info.plist */ = {isa = PBXFileReference; lastKnownFileType = text.plist.xml; path = Info.plist; sourceTree = "<group>"; };
		04A71BC21EC58E0100E290C8 /* fShader.glsl */ = {isa = PBXFileReference; fileEncoding = 4; lastKnownFileType = text; path = fShader.glsl; sourceTree = "<group>"; };
		04A71BC31EC58E0100E290C8 /* vShader.glsl */ = {isa = PBXFileReference; fileEncoding = 4; lastKnownFileType = text; path = vShader.glsl; sourceTree = "<group>"; };
		04A71BC61EC58E1800E290C8 /* esShader.c */ = {isa = PBXFileReference; fileEncoding = 4; lastKnownFileType = sourcecode.c.c; path = esShader.c; sourceTree = "<group>"; };
		04A71BC71EC58E1800E290C8 /* esTransform.c */ = {isa = PBXFileReference; fileEncoding = 4; lastKnownFileType = sourcecode.c.c; path = esTransform.c; sourceTree = "<group>"; };
		04A71BC81EC58E1800E290C8 /* esUtil.c */ = {isa = PBXFileReference; fileEncoding = 4; lastKnownFileType = sourcecode.c.c; path = esUtil.c; sourceTree = "<group>"; };
		04A71BCC1EC58E4100E290C8 /* FileWrapper.h */ = {isa = PBXFileReference; fileEncoding = 4; lastKnownFileType = sourcecode.c.h; path = FileWrapper.h; sourceTree = "<group>"; };
		04A71BCD1EC58E4100E290C8 /* FileWrapper.m */ = {isa = PBXFileReference; fileEncoding = 4; lastKnownFileType = sourcecode.c.objc; path = FileWrapper.m; sourceTree = "<group>"; };
		04A71BCF1EC58E4E00E290C8 /* ViewController.h */ = {isa = PBXFileReference; fileEncoding = 4; lastKnownFileType = sourcecode.c.h; path = ViewController.h; sourceTree = "<group>"; };
		04A71BD01EC58E4E00E290C8 /* ViewController.m */ = {isa = PBXFileReference; fileEncoding = 4; lastKnownFileType = sourcecode.c.objc; path = ViewController.m; sourceTree = "<group>"; };
		04A71BD21EC58E5C00E290C8 /* esUtil.h */ = {isa = PBXFileReference; fileEncoding = 4; lastKnownFileType = sourcecode.c.h; path = esUtil.h; sourceTree = "<group>"; };
		04A71BD71EC590CA00E290C8 /* Cube.c */ = {isa = PBXFileReference; fileEncoding = 4; lastKnownFileType = sourcecode.c.c; path = Cube.c; sourceTree = "<group>"; };
		04A71BDD1EC59D4D00E290C8 /* Cube_Texture.app */ = {isa = PBXFileReference; explicitFileType = wrapper.application; includeInIndex = 0; path = Cube_Texture.app; sourceTree = BUILT_PRODUCTS_DIR; };
		04A71BE01EC59D4D00E290C8 /* main.m */ = {isa = PBXFileReference; lastKnownFileType = sourcecode.c.objc; path = main.m; sourceTree = "<group>"; };
		04A71BE21EC59D4D00E290C8 /* AppDelegate.h */ = {isa = PBXFileReference; lastKnownFileType = sourcecode.c.h; path = AppDelegate.h; sourceTree = "<group>"; };
		04A71BE31EC59D4D00E290C8 /* AppDelegate.m */ = {isa = PBXFileReference; lastKnownFileType = sourcecode.c.objc; path = AppDelegate.m; sourceTree = "<group>"; };
		04A71BE91EC59D4D00E290C8 /* Base */ = {isa = PBXFileReference; lastKnownFileType = file.storyboard; name = Base; path = Base.lproj/Main.storyboard; sourceTree = "<group>"; };
		04A71BEB1EC59D4D00E290C8 /* Assets.xcassets */ = {isa = PBXFileReference; lastKnownFileType = folder.assetcatalog; path = Assets.xcassets; sourceTree = "<group>"; };
		04A71BEE1EC59D4D00E290C8 /* Base */ = {isa = PBXFileReference; lastKnownFileType = file.storyboard; name = Base; path = Base.lproj/LaunchScreen.storyboard; sourceTree = "<group>"; };
		04A71BF01EC59D4D00E290C8 /* Info.plist */ = {isa = PBXFileReference; lastKnownFileType = text.plist.xml; path = Info.plist; sourceTree = "<group>"; };
		04A71BFC1EC59D6800E290C8 /* Cube.c */ = {isa = PBXFileReference; fileEncoding = 4; lastKnownFileType = sourcecode.c.c; path = Cube.c; sourceTree = "<group>"; };
		04A71BFD1EC59D6800E290C8 /* fShader.glsl */ = {isa = PBXFileReference; fileEncoding = 4; lastKnownFileType = text; path = fShader.glsl; sourceTree = "<group>"; };
		04A71BFE1EC59D6800E290C8 /* vShader.glsl */ = {isa = PBXFileReference; fileEncoding = 4; lastKnownFileType = text; path = vShader.glsl; sourceTree = "<group>"; };
		04A71C061EC59D7100E290C8 /* ViewController.h */ = {isa = PBXFileReference; fileEncoding = 4; lastKnownFileType = sourcecode.c.h; path = ViewController.h; sourceTree = "<group>"; };
		04A71C071EC59D7100E290C8 /* ViewController.m */ = {isa = PBXFileReference; fileEncoding = 4; lastKnownFileType = sourcecode.c.objc; path = ViewController.m; sourceTree = "<group>"; };
		04A71C0B1EC5A01500E290C8 /* texture0.jpg */ = {isa = PBXFileReference; lastKnownFileType = image.jpeg; path = texture0.jpg; sourceTree = "<group>"; };
		04A71C0C1EC5A01500E290C8 /* texture1.png */ = {isa = PBXFileReference; lastKnownFileType = image.png; path = texture1.png; sourceTree = "<group>"; };
		04D0B3F51EC20C620049F073 /* texture1.png */ = {isa = PBXFileReference; lastKnownFileType = image.png; path = texture1.png; sourceTree = "<group>"; };
		04D20AA41EC0717200FC8F20 /* Triangle_GLKit.app */ = {isa = PBXFileReference; explicitFileType = wrapper.application; includeInIndex = 0; path = Triangle_GLKit.app; sourceTree = BUILT_PRODUCTS_DIR; };
		04D20AA71EC0717200FC8F20 /* main.m */ = {isa = PBXFileReference; lastKnownFileType = sourcecode.c.objc; path = main.m; sourceTree = "<group>"; };
		04D20AA91EC0717200FC8F20 /* AppDelegate.h */ = {isa = PBXFileReference; lastKnownFileType = sourcecode.c.h; path = AppDelegate.h; sourceTree = "<group>"; };
		04D20AAA1EC0717200FC8F20 /* AppDelegate.m */ = {isa = PBXFileReference; lastKnownFileType = sourcecode.c.objc; path = AppDelegate.m; sourceTree = "<group>"; };
		04D20AAC1EC0717200FC8F20 /* ViewController.h */ = {isa = PBXFileReference; lastKnownFileType = sourcecode.c.h; path = ViewController.h; sourceTree = "<group>"; };
		04D20AAD1EC0717200FC8F20 /* ViewController.m */ = {isa = PBXFileReference; lastKnownFileType = sourcecode.c.objc; path = ViewController.m; sourceTree = "<group>"; };
		04D20AB01EC0717200FC8F20 /* Base */ = {isa = PBXFileReference; lastKnownFileType = file.storyboard; name = Base; path = Base.lproj/Main.storyboard; sourceTree = "<group>"; };
		04D20AB21EC0717200FC8F20 /* Assets.xcassets */ = {isa = PBXFileReference; lastKnownFileType = folder.assetcatalog; path = Assets.xcassets; sourceTree = "<group>"; };
		04D20AB51EC0717200FC8F20 /* Base */ = {isa = PBXFileReference; lastKnownFileType = file.storyboard; name = Base; path = Base.lproj/LaunchScreen.storyboard; sourceTree = "<group>"; };
		04D20AB71EC0717200FC8F20 /* Info.plist */ = {isa = PBXFileReference; lastKnownFileType = text.plist.xml; path = Info.plist; sourceTree = "<group>"; };
/* End PBXFileReference section */

/* Begin PBXFrameworksBuildPhase section */
		041F5E6A1EC1524B00DE7465 /* Frameworks */ = {
			isa = PBXFrameworksBuildPhase;
			buildActionMask = 2147483647;
			files = (
			);
			runOnlyForDeploymentPostprocessing = 0;
		};
		0484B2E21EBC4A60003C5BBF /* Frameworks */ = {
			isa = PBXFrameworksBuildPhase;
			buildActionMask = 2147483647;
			files = (
			);
			runOnlyForDeploymentPostprocessing = 0;
		};
		0484B30F1EBC6D1E003C5BBF /* Frameworks */ = {
			isa = PBXFrameworksBuildPhase;
			buildActionMask = 2147483647;
			files = (
			);
			runOnlyForDeploymentPostprocessing = 0;
		};
		04A71BA61EC58DC100E290C8 /* Frameworks */ = {
			isa = PBXFrameworksBuildPhase;
			buildActionMask = 2147483647;
			files = (
			);
			runOnlyForDeploymentPostprocessing = 0;
		};
		04A71BDA1EC59D4D00E290C8 /* Frameworks */ = {
			isa = PBXFrameworksBuildPhase;
			buildActionMask = 2147483647;
			files = (
			);
			runOnlyForDeploymentPostprocessing = 0;
		};
		04D20AA11EC0717200FC8F20 /* Frameworks */ = {
			isa = PBXFrameworksBuildPhase;
			buildActionMask = 2147483647;
			files = (
			);
			runOnlyForDeploymentPostprocessing = 0;
		};
/* End PBXFrameworksBuildPhase section */

/* Begin PBXGroup section */
		041F5E6E1EC1524B00DE7465 /* Texture_GLKit(纹理效果) */ = {
			isa = PBXGroup;
			children = (
				041F5E841EC1567E00DE7465 /* texture0.jpg */,
				04D0B3F51EC20C620049F073 /* texture1.png */,
				041F5E721EC1524B00DE7465 /* AppDelegate.h */,
				041F5E731EC1524B00DE7465 /* AppDelegate.m */,
				041F5E751EC1524B00DE7465 /* ViewController.h */,
				041F5E761EC1524B00DE7465 /* ViewController.m */,
				041F5E781EC1524B00DE7465 /* Main.storyboard */,
				041F5E7B1EC1524B00DE7465 /* Assets.xcassets */,
				041F5E7D1EC1524B00DE7465 /* LaunchScreen.storyboard */,
				041F5E801EC1524B00DE7465 /* Info.plist */,
				041F5E6F1EC1524B00DE7465 /* Supporting Files */,
			);
			name = "Texture_GLKit(纹理效果)";
			path = Texture;
			sourceTree = "<group>";
		};
		041F5E6F1EC1524B00DE7465 /* Supporting Files */ = {
			isa = PBXGroup;
			children = (
				041F5E701EC1524B00DE7465 /* main.m */,
			);
			name = "Supporting Files";
			sourceTree = "<group>";
		};
		0448749F1EC5B13F00587AD7 /* Common */ = {
			isa = PBXGroup;
			children = (
				044874A01EC5B13F00587AD7 /* esShader.c */,
				044874A11EC5B13F00587AD7 /* esTransform.c */,
				044874A31EC5B13F00587AD7 /* esUtil1.h */,
				044874A21EC5B13F00587AD7 /* esUtil.c */,
				044874A41EC5B13F00587AD7 /* esFileWrapper.h */,
				044874A51EC5B13F00587AD7 /* esFileWrapper.m */,
			);
			path = Common;
			sourceTree = "<group>";
		};
		0484B2BE1EBC4A30003C5BBF = {
			isa = PBXGroup;
			children = (
				0484B2E61EBC4A60003C5BBF /* Triangle(渐变效果) */,
				0484B3131EBC6D1E003C5BBF /* Triangle_animation(动画效果) */,
				04D20AA51EC0717200FC8F20 /* Triangle_GLKit(使用GLKit) */,
				041F5E6E1EC1524B00DE7465 /* Texture_GLKit(纹理效果) */,
				04A71BAA1EC58DC200E290C8 /* Cube(立方体) */,
				04A71BDE1EC59D4D00E290C8 /* Cube_Texture(纹理) */,
				0484B2C81EBC4A30003C5BBF /* Products */,
				0484B3391EBC6EF3003C5BBF /* Frameworks */,
			);
			sourceTree = "<group>";
		};
		0484B2C81EBC4A30003C5BBF /* Products */ = {
			isa = PBXGroup;
			children = (
				0484B2E51EBC4A60003C5BBF /* Triangle.app */,
				0484B3121EBC6D1E003C5BBF /* Triangle_animation.app */,
				04D20AA41EC0717200FC8F20 /* Triangle_GLKit.app */,
				041F5E6D1EC1524B00DE7465 /* Texture_GLKit.app */,
				04A71BA91EC58DC100E290C8 /* Cube.app */,
				04A71BDD1EC59D4D00E290C8 /* Cube_Texture.app */,
			);
			name = Products;
			sourceTree = "<group>";
		};
		0484B2E61EBC4A60003C5BBF /* Triangle(渐变效果) */ = {
			isa = PBXGroup;
			children = (
				0484B3051EBC4AD0003C5BBF /* Triangle */,
				0484B2FC1EBC4AB8003C5BBF /* Common */,
				0484B2EA1EBC4A60003C5BBF /* AppDelegate.h */,
				0484B2EB1EBC4A60003C5BBF /* AppDelegate.m */,
				0484B2ED1EBC4A60003C5BBF /* ViewController.h */,
				0484B2EE1EBC4A60003C5BBF /* ViewController.m */,
				0484B2F01EBC4A60003C5BBF /* Main.storyboard */,
				0484B2F31EBC4A60003C5BBF /* Assets.xcassets */,
				0484B2F51EBC4A60003C5BBF /* LaunchScreen.storyboard */,
				0484B2F81EBC4A60003C5BBF /* Info.plist */,
				0484B2E71EBC4A60003C5BBF /* Supporting Files */,
			);
			name = "Triangle(渐变效果)";
			path = Triangle;
			sourceTree = "<group>";
		};
		0484B2E71EBC4A60003C5BBF /* Supporting Files */ = {
			isa = PBXGroup;
			children = (
				0484B2E81EBC4A60003C5BBF /* main.m */,
			);
			name = "Supporting Files";
			sourceTree = "<group>";
		};
		0484B2FC1EBC4AB8003C5BBF /* Common */ = {
			isa = PBXGroup;
			children = (
				0484B2FD1EBC4AC3003C5BBF /* esShader.c */,
				0484B2FE1EBC4AC3003C5BBF /* esUtil.c */,
				0484B2FF1EBC4AC3003C5BBF /* esUtil.h */,
				0484B3001EBC4AC3003C5BBF /* FileWrapper.h */,
				0484B3011EBC4AC3003C5BBF /* FileWrapper.m */,
			);
			path = Common;
			sourceTree = "<group>";
		};
		0484B3051EBC4AD0003C5BBF /* Triangle */ = {
			isa = PBXGroup;
			children = (
				0484B30C1EBC6CA2003C5BBF /* Triangle.c */,
				0484B3081EBC4AD9003C5BBF /* Triangle_V_Shader.glsl */,
				0484B3071EBC4AD9003C5BBF /* Triangle_F_Shader.glsl */,
			);
			path = Triangle;
			sourceTree = "<group>";
		};
		0484B3131EBC6D1E003C5BBF /* Triangle_animation(动画效果) */ = {
			isa = PBXGroup;
			children = (
				0484B3321EBC6D31003C5BBF /* Triangle */,
				0484B3291EBC6D28003C5BBF /* Common */,
				0484B3171EBC6D1E003C5BBF /* AppDelegate.h */,
				0484B3181EBC6D1E003C5BBF /* AppDelegate.m */,
				0484B31A1EBC6D1E003C5BBF /* ViewController.h */,
				0484B31B1EBC6D1E003C5BBF /* ViewController.m */,
				0484B31D1EBC6D1E003C5BBF /* Main.storyboard */,
				0484B3201EBC6D1E003C5BBF /* Assets.xcassets */,
				0484B3221EBC6D1E003C5BBF /* LaunchScreen.storyboard */,
				0484B3251EBC6D1E003C5BBF /* Info.plist */,
				0484B3141EBC6D1E003C5BBF /* Supporting Files */,
			);
			name = "Triangle_animation(动画效果)";
			path = Triangle_improve;
			sourceTree = "<group>";
		};
		0484B3141EBC6D1E003C5BBF /* Supporting Files */ = {
			isa = PBXGroup;
			children = (
				0484B3151EBC6D1E003C5BBF /* main.m */,
			);
			name = "Supporting Files";
			sourceTree = "<group>";
		};
		0484B3291EBC6D28003C5BBF /* Common */ = {
			isa = PBXGroup;
			children = (
				0484B32A1EBC6D28003C5BBF /* esShader.c */,
				0484B32B1EBC6D28003C5BBF /* esUtil.c */,
				0484B32C1EBC6D28003C5BBF /* esUtil.h */,
				0484B32D1EBC6D28003C5BBF /* FileWrapper.h */,
				0484B32E1EBC6D28003C5BBF /* FileWrapper.m */,
			);
			path = Common;
			sourceTree = "<group>";
		};
		0484B3321EBC6D31003C5BBF /* Triangle */ = {
			isa = PBXGroup;
			children = (
				0484B3331EBC6D31003C5BBF /* Triangle.c */,
				0484B3351EBC6D31003C5BBF /* Triangle_V_Shader.glsl */,
				0484B3341EBC6D31003C5BBF /* Triangle_F_Shader.glsl */,
			);
			path = Triangle;
			sourceTree = "<group>";
		};
		0484B3391EBC6EF3003C5BBF /* Frameworks */ = {
			isa = PBXGroup;
			children = (
				0484B3C21EC00CDC003C5BBF /* GLKit.framework */,
				0484B33E1EBC6F65003C5BBF /* libglfw.3.2.dylib */,
				0484B33C1EBC6F2D003C5BBF /* libGLEW.2.0.0.dylib */,
				0484B33A1EBC6EF3003C5BBF /* OpenGLES.framework */,
			);
			name = Frameworks;
			sourceTree = "<group>";
		};
		04A71BAA1EC58DC200E290C8 /* Cube(立方体) */ = {
			isa = PBXGroup;
			children = (
				04A71BC01EC58DF700E290C8 /* Commin */,
				04A71BC11EC58DF700E290C8 /* Cube */,
				04A71BAE1EC58DC200E290C8 /* AppDelegate.h */,
				04A71BAF1EC58DC200E290C8 /* AppDelegate.m */,
				04A71BCF1EC58E4E00E290C8 /* ViewController.h */,
				04A71BD01EC58E4E00E290C8 /* ViewController.m */,
				04A71BB41EC58DC200E290C8 /* Main.storyboard */,
				04A71BB71EC58DC200E290C8 /* Assets.xcassets */,
				04A71BB91EC58DC200E290C8 /* LaunchScreen.storyboard */,
				04A71BBC1EC58DC200E290C8 /* Info.plist */,
				04A71BAB1EC58DC200E290C8 /* Supporting Files */,
			);
			name = "Cube(立方体)";
			path = Cube;
			sourceTree = "<group>";
		};
		04A71BAB1EC58DC200E290C8 /* Supporting Files */ = {
			isa = PBXGroup;
			children = (
				04A71BAC1EC58DC200E290C8 /* main.m */,
			);
			name = "Supporting Files";
			sourceTree = "<group>";
		};
		04A71BC01EC58DF700E290C8 /* Commin */ = {
			isa = PBXGroup;
			children = (
				04A71BC61EC58E1800E290C8 /* esShader.c */,
				04A71BC71EC58E1800E290C8 /* esTransform.c */,
				04A71BC81EC58E1800E290C8 /* esUtil.c */,
				04A71BD21EC58E5C00E290C8 /* esUtil.h */,
				04A71BCC1EC58E4100E290C8 /* FileWrapper.h */,
				04A71BCD1EC58E4100E290C8 /* FileWrapper.m */,
			);
			path = Commin;
			sourceTree = "<group>";
		};
		04A71BC11EC58DF700E290C8 /* Cube */ = {
			isa = PBXGroup;
			children = (
				04A71BD71EC590CA00E290C8 /* Cube.c */,
				04A71BC31EC58E0100E290C8 /* vShader.glsl */,
				04A71BC21EC58E0100E290C8 /* fShader.glsl */,
			);
			path = Cube;
			sourceTree = "<group>";
		};
		04A71BDE1EC59D4D00E290C8 /* Cube_Texture(纹理) */ = {
			isa = PBXGroup;
			children = (
				04A71C0B1EC5A01500E290C8 /* texture0.jpg */,
				04A71C0C1EC5A01500E290C8 /* texture1.png */,
				0448749F1EC5B13F00587AD7 /* Common */,
				04A71BFB1EC59D6800E290C8 /* Cube */,
				04A71BE21EC59D4D00E290C8 /* AppDelegate.h */,
				04A71BE31EC59D4D00E290C8 /* AppDelegate.m */,
				04A71C061EC59D7100E290C8 /* ViewController.h */,
				04A71C071EC59D7100E290C8 /* ViewController.m */,
				04A71BE81EC59D4D00E290C8 /* Main.storyboard */,
				04A71BEB1EC59D4D00E290C8 /* Assets.xcassets */,
				04A71BED1EC59D4D00E290C8 /* LaunchScreen.storyboard */,
				04A71BF01EC59D4D00E290C8 /* Info.plist */,
				04A71BDF1EC59D4D00E290C8 /* Supporting Files */,
			);
			name = "Cube_Texture(纹理)";
			path = Cube_Texture;
			sourceTree = "<group>";
		};
		04A71BDF1EC59D4D00E290C8 /* Supporting Files */ = {
			isa = PBXGroup;
			children = (
				04A71BE01EC59D4D00E290C8 /* main.m */,
			);
			name = "Supporting Files";
			sourceTree = "<group>";
		};
		04A71BFB1EC59D6800E290C8 /* Cube */ = {
			isa = PBXGroup;
			children = (
				04A71BFC1EC59D6800E290C8 /* Cube.c */,
				04A71BFE1EC59D6800E290C8 /* vShader.glsl */,
				04A71BFD1EC59D6800E290C8 /* fShader.glsl */,
			);
			path = Cube;
			sourceTree = "<group>";
		};
		04D20AA51EC0717200FC8F20 /* Triangle_GLKit(使用GLKit) */ = {
			isa = PBXGroup;
			children = (
				04D20AA91EC0717200FC8F20 /* AppDelegate.h */,
				04D20AAA1EC0717200FC8F20 /* AppDelegate.m */,
				04D20AAC1EC0717200FC8F20 /* ViewController.h */,
				04D20AAD1EC0717200FC8F20 /* ViewController.m */,
				04D20AAF1EC0717200FC8F20 /* Main.storyboard */,
				04D20AB21EC0717200FC8F20 /* Assets.xcassets */,
				04D20AB41EC0717200FC8F20 /* LaunchScreen.storyboard */,
				04D20AB71EC0717200FC8F20 /* Info.plist */,
				04D20AA61EC0717200FC8F20 /* Supporting Files */,
			);
			name = "Triangle_GLKit(使用GLKit)";
			path = TriangleWithoutGLSL;
			sourceTree = "<group>";
		};
		04D20AA61EC0717200FC8F20 /* Supporting Files */ = {
			isa = PBXGroup;
			children = (
				04D20AA71EC0717200FC8F20 /* main.m */,
			);
			name = "Supporting Files";
			sourceTree = "<group>";
		};
/* End PBXGroup section */

/* Begin PBXHeadersBuildPhase section */
		0448749C1EC5B05400587AD7 /* Headers */ = {
			isa = PBXHeadersBuildPhase;
			buildActionMask = 2147483647;
			files = (
				044874A91EC5B13F00587AD7 /* esUtil1.h in Headers */,
			);
			runOnlyForDeploymentPostprocessing = 0;
		};
/* End PBXHeadersBuildPhase section */

/* Begin PBXNativeTarget section */
		041F5E6C1EC1524B00DE7465 /* Texture_GLKit */ = {
			isa = PBXNativeTarget;
			buildConfigurationList = 041F5E831EC1524B00DE7465 /* Build configuration list for PBXNativeTarget "Texture_GLKit" */;
			buildPhases = (
				041F5E691EC1524B00DE7465 /* Sources */,
				041F5E6A1EC1524B00DE7465 /* Frameworks */,
				041F5E6B1EC1524B00DE7465 /* Resources */,
			);
			buildRules = (
			);
			dependencies = (
			);
			name = Texture_GLKit;
			productName = Texture;
			productReference = 041F5E6D1EC1524B00DE7465 /* Texture_GLKit.app */;
			productType = "com.apple.product-type.application";
		};
		0484B2E41EBC4A60003C5BBF /* Triangle */ = {
			isa = PBXNativeTarget;
			buildConfigurationList = 0484B2F91EBC4A60003C5BBF /* Build configuration list for PBXNativeTarget "Triangle" */;
			buildPhases = (
				0484B2E11EBC4A60003C5BBF /* Sources */,
				0484B2E21EBC4A60003C5BBF /* Frameworks */,
				0484B2E31EBC4A60003C5BBF /* Resources */,
			);
			buildRules = (
			);
			dependencies = (
			);
			name = Triangle;
			productName = Triangle;
			productReference = 0484B2E51EBC4A60003C5BBF /* Triangle.app */;
			productType = "com.apple.product-type.application";
		};
		0484B3111EBC6D1E003C5BBF /* Triangle_animation */ = {
			isa = PBXNativeTarget;
			buildConfigurationList = 0484B3261EBC6D1E003C5BBF /* Build configuration list for PBXNativeTarget "Triangle_animation" */;
			buildPhases = (
				0484B30E1EBC6D1E003C5BBF /* Sources */,
				0484B30F1EBC6D1E003C5BBF /* Frameworks */,
				0484B3101EBC6D1E003C5BBF /* Resources */,
			);
			buildRules = (
			);
			dependencies = (
			);
			name = Triangle_animation;
			productName = Triangle_improve;
			productReference = 0484B3121EBC6D1E003C5BBF /* Triangle_animation.app */;
			productType = "com.apple.product-type.application";
		};
		04A71BA81EC58DC100E290C8 /* Cube */ = {
			isa = PBXNativeTarget;
			buildConfigurationList = 04A71BBD1EC58DC200E290C8 /* Build configuration list for PBXNativeTarget "Cube" */;
			buildPhases = (
				04A71BA51EC58DC100E290C8 /* Sources */,
				04A71BA61EC58DC100E290C8 /* Frameworks */,
				04A71BA71EC58DC100E290C8 /* Resources */,
			);
			buildRules = (
			);
			dependencies = (
			);
			name = Cube;
			productName = Cube;
			productReference = 04A71BA91EC58DC100E290C8 /* Cube.app */;
			productType = "com.apple.product-type.application";
		};
		04A71BDC1EC59D4D00E290C8 /* Cube_Texture */ = {
			isa = PBXNativeTarget;
			buildConfigurationList = 04A71BF11EC59D4D00E290C8 /* Build configuration list for PBXNativeTarget "Cube_Texture" */;
			buildPhases = (
				04A71BD91EC59D4D00E290C8 /* Sources */,
				04A71BDA1EC59D4D00E290C8 /* Frameworks */,
				04A71BDB1EC59D4D00E290C8 /* Resources */,
				0448749C1EC5B05400587AD7 /* Headers */,
			);
			buildRules = (
			);
			dependencies = (
			);
			name = Cube_Texture;
			productName = Cube_Texture;
			productReference = 04A71BDD1EC59D4D00E290C8 /* Cube_Texture.app */;
			productType = "com.apple.product-type.application";
		};
		04D20AA31EC0717200FC8F20 /* Triangle_GLKit */ = {
			isa = PBXNativeTarget;
			buildConfigurationList = 04D20AB81EC0717200FC8F20 /* Build configuration list for PBXNativeTarget "Triangle_GLKit" */;
			buildPhases = (
				04D20AA01EC0717200FC8F20 /* Sources */,
				04D20AA11EC0717200FC8F20 /* Frameworks */,
				04D20AA21EC0717200FC8F20 /* Resources */,
			);
			buildRules = (
			);
			dependencies = (
			);
			name = Triangle_GLKit;
			productName = TriangleWithoutGLSL;
			productReference = 04D20AA41EC0717200FC8F20 /* Triangle_GLKit.app */;
			productType = "com.apple.product-type.application";
		};
/* End PBXNativeTarget section */

/* Begin PBXProject section */
		0484B2BF1EBC4A30003C5BBF /* Project object */ = {
			isa = PBXProject;
			attributes = {
				LastUpgradeCheck = 0830;
				ORGANIZATIONNAME = "李礼光";
				TargetAttributes = {
					041F5E6C1EC1524B00DE7465 = {
						CreatedOnToolsVersion = 8.3.2;
						DevelopmentTeam = JKP4G35J39;
						ProvisioningStyle = Automatic;
					};
					0484B2E41EBC4A60003C5BBF = {
						CreatedOnToolsVersion = 8.3.2;
						DevelopmentTeam = JKP4G35J39;
						ProvisioningStyle = Automatic;
					};
					0484B3111EBC6D1E003C5BBF = {
						CreatedOnToolsVersion = 8.3.2;
						DevelopmentTeam = 96LBVKMT33;
						ProvisioningStyle = Automatic;
					};
					04A71BA81EC58DC100E290C8 = {
						CreatedOnToolsVersion = 8.3.2;
						DevelopmentTeam = 96LBVKMT33;
						ProvisioningStyle = Automatic;
					};
					04A71BDC1EC59D4D00E290C8 = {
						CreatedOnToolsVersion = 8.3.2;
						DevelopmentTeam = 96LBVKMT33;
						ProvisioningStyle = Automatic;
					};
					04D20AA31EC0717200FC8F20 = {
						CreatedOnToolsVersion = 8.3.2;
						DevelopmentTeam = JKP4G35J39;
						ProvisioningStyle = Automatic;
					};
				};
			};
			buildConfigurationList = 0484B2C21EBC4A30003C5BBF /* Build configuration list for PBXProject "OpenGLES" */;
			compatibilityVersion = "Xcode 3.2";
			developmentRegion = English;
			hasScannedForEncodings = 0;
			knownRegions = (
				en,
				Base,
			);
			mainGroup = 0484B2BE1EBC4A30003C5BBF;
			productRefGroup = 0484B2C81EBC4A30003C5BBF /* Products */;
			projectDirPath = "";
			projectRoot = "";
			targets = (
				0484B2E41EBC4A60003C5BBF /* Triangle */,
				0484B3111EBC6D1E003C5BBF /* Triangle_animation */,
				04D20AA31EC0717200FC8F20 /* Triangle_GLKit */,
				041F5E6C1EC1524B00DE7465 /* Texture_GLKit */,
				04A71BA81EC58DC100E290C8 /* Cube */,
				04A71BDC1EC59D4D00E290C8 /* Cube_Texture */,
			);
		};
/* End PBXProject section */

/* Begin PBXResourcesBuildPhase section */
		041F5E6B1EC1524B00DE7465 /* Resources */ = {
			isa = PBXResourcesBuildPhase;
			buildActionMask = 2147483647;
			files = (
				041F5E7F1EC1524B00DE7465 /* LaunchScreen.storyboard in Resources */,
				04D0B3F61EC20C620049F073 /* texture1.png in Resources */,
				041F5E7C1EC1524B00DE7465 /* Assets.xcassets in Resources */,
				041F5E7A1EC1524B00DE7465 /* Main.storyboard in Resources */,
				041F5E851EC1567E00DE7465 /* texture0.jpg in Resources */,
			);
			runOnlyForDeploymentPostprocessing = 0;
		};
		0484B2E31EBC4A60003C5BBF /* Resources */ = {
			isa = PBXResourcesBuildPhase;
			buildActionMask = 2147483647;
			files = (
				0484B2F71EBC4A60003C5BBF /* LaunchScreen.storyboard in Resources */,
				0484B2F41EBC4A60003C5BBF /* Assets.xcassets in Resources */,
				0484B2F21EBC4A60003C5BBF /* Main.storyboard in Resources */,
				0484B30A1EBC4AD9003C5BBF /* Triangle_F_Shader.glsl in Resources */,
				0484B30B1EBC4AD9003C5BBF /* Triangle_V_Shader.glsl in Resources */,
			);
			runOnlyForDeploymentPostprocessing = 0;
		};
		0484B3101EBC6D1E003C5BBF /* Resources */ = {
			isa = PBXResourcesBuildPhase;
			buildActionMask = 2147483647;
			files = (
				0484B3241EBC6D1E003C5BBF /* LaunchScreen.storyboard in Resources */,
				0484B3211EBC6D1E003C5BBF /* Assets.xcassets in Resources */,
				0484B31F1EBC6D1E003C5BBF /* Main.storyboard in Resources */,
				0484B3371EBC6D31003C5BBF /* Triangle_F_Shader.glsl in Resources */,
				0484B3381EBC6D31003C5BBF /* Triangle_V_Shader.glsl in Resources */,
			);
			runOnlyForDeploymentPostprocessing = 0;
		};
		04A71BA71EC58DC100E290C8 /* Resources */ = {
			isa = PBXResourcesBuildPhase;
			buildActionMask = 2147483647;
			files = (
				04A71BBB1EC58DC200E290C8 /* LaunchScreen.storyboard in Resources */,
				04A71BC41EC58E0100E290C8 /* fShader.glsl in Resources */,
				04A71BB81EC58DC200E290C8 /* Assets.xcassets in Resources */,
				04A71BB61EC58DC200E290C8 /* Main.storyboard in Resources */,
				04A71BC51EC58E0100E290C8 /* vShader.glsl in Resources */,
			);
			runOnlyForDeploymentPostprocessing = 0;
		};
		04A71BDB1EC59D4D00E290C8 /* Resources */ = {
			isa = PBXResourcesBuildPhase;
			buildActionMask = 2147483647;
			files = (
				04A71C0E1EC5A01500E290C8 /* texture1.png in Resources */,
				04A71BEF1EC59D4D00E290C8 /* LaunchScreen.storyboard in Resources */,
				04A71C041EC59D6800E290C8 /* fShader.glsl in Resources */,
				04A71BEC1EC59D4D00E290C8 /* Assets.xcassets in Resources */,
				04A71BEA1EC59D4D00E290C8 /* Main.storyboard in Resources */,
				04A71C0D1EC5A01500E290C8 /* texture0.jpg in Resources */,
				04A71C051EC59D6800E290C8 /* vShader.glsl in Resources */,
			);
			runOnlyForDeploymentPostprocessing = 0;
		};
		04D20AA21EC0717200FC8F20 /* Resources */ = {
			isa = PBXResourcesBuildPhase;
			buildActionMask = 2147483647;
			files = (
				04D20AB61EC0717200FC8F20 /* LaunchScreen.storyboard in Resources */,
				04D20AB31EC0717200FC8F20 /* Assets.xcassets in Resources */,
				04D20AB11EC0717200FC8F20 /* Main.storyboard in Resources */,
			);
			runOnlyForDeploymentPostprocessing = 0;
		};
/* End PBXResourcesBuildPhase section */

/* Begin PBXSourcesBuildPhase section */
		041F5E691EC1524B00DE7465 /* Sources */ = {
			isa = PBXSourcesBuildPhase;
			buildActionMask = 2147483647;
			files = (
				041F5E771EC1524B00DE7465 /* ViewController.m in Sources */,
				041F5E741EC1524B00DE7465 /* AppDelegate.m in Sources */,
				041F5E711EC1524B00DE7465 /* main.m in Sources */,
			);
			runOnlyForDeploymentPostprocessing = 0;
		};
		0484B2E11EBC4A60003C5BBF /* Sources */ = {
			isa = PBXSourcesBuildPhase;
			buildActionMask = 2147483647;
			files = (
				0484B2EF1EBC4A60003C5BBF /* ViewController.m in Sources */,
				0484B30D1EBC6CA2003C5BBF /* Triangle.c in Sources */,
				0484B2EC1EBC4A60003C5BBF /* AppDelegate.m in Sources */,
				0484B3021EBC4AC3003C5BBF /* esShader.c in Sources */,
				0484B3041EBC4AC3003C5BBF /* FileWrapper.m in Sources */,
				0484B2E91EBC4A60003C5BBF /* main.m in Sources */,
				0484B3031EBC4AC3003C5BBF /* esUtil.c in Sources */,
			);
			runOnlyForDeploymentPostprocessing = 0;
		};
		0484B30E1EBC6D1E003C5BBF /* Sources */ = {
			isa = PBXSourcesBuildPhase;
			buildActionMask = 2147483647;
			files = (
				0484B31C1EBC6D1E003C5BBF /* ViewController.m in Sources */,
				0484B3191EBC6D1E003C5BBF /* AppDelegate.m in Sources */,
				0484B32F1EBC6D28003C5BBF /* esShader.c in Sources */,
				0484B3311EBC6D28003C5BBF /* FileWrapper.m in Sources */,
				0484B3161EBC6D1E003C5BBF /* main.m in Sources */,
				0484B3361EBC6D31003C5BBF /* Triangle.c in Sources */,
				0484B3301EBC6D28003C5BBF /* esUtil.c in Sources */,
			);
			runOnlyForDeploymentPostprocessing = 0;
		};
		04A71BA51EC58DC100E290C8 /* Sources */ = {
			isa = PBXSourcesBuildPhase;
			buildActionMask = 2147483647;
			files = (
				04A71BD11EC58E4E00E290C8 /* ViewController.m in Sources */,
				04A71BCA1EC58E1800E290C8 /* esTransform.c in Sources */,
				04A71BD81EC590CA00E290C8 /* Cube.c in Sources */,
				04A71BCE1EC58E4100E290C8 /* FileWrapper.m in Sources */,
				04A71BB01EC58DC200E290C8 /* AppDelegate.m in Sources */,
				04A71BC91EC58E1800E290C8 /* esShader.c in Sources */,
				04A71BAD1EC58DC200E290C8 /* main.m in Sources */,
				04A71BCB1EC58E1800E290C8 /* esUtil.c in Sources */,
			);
			runOnlyForDeploymentPostprocessing = 0;
		};
		04A71BD91EC59D4D00E290C8 /* Sources */ = {
			isa = PBXSourcesBuildPhase;
			buildActionMask = 2147483647;
			files = (
				044874A61EC5B13F00587AD7 /* esShader.c in Sources */,
				044874AB1EC5B13F00587AD7 /* esFileWrapper.m in Sources */,
				044874A81EC5B13F00587AD7 /* esUtil.c in Sources */,
				04A71C031EC59D6800E290C8 /* Cube.c in Sources */,
				044874A71EC5B13F00587AD7 /* esTransform.c in Sources */,
				04A71C081EC59D7100E290C8 /* ViewController.m in Sources */,
				04A71BE41EC59D4D00E290C8 /* AppDelegate.m in Sources */,
				04A71BE11EC59D4D00E290C8 /* main.m in Sources */,
			);
			runOnlyForDeploymentPostprocessing = 0;
		};
		04D20AA01EC0717200FC8F20 /* Sources */ = {
			isa = PBXSourcesBuildPhase;
			buildActionMask = 2147483647;
			files = (
				04D20AAE1EC0717200FC8F20 /* ViewController.m in Sources */,
				04D20AAB1EC0717200FC8F20 /* AppDelegate.m in Sources */,
				04D20AA81EC0717200FC8F20 /* main.m in Sources */,
			);
			runOnlyForDeploymentPostprocessing = 0;
		};
/* End PBXSourcesBuildPhase section */

/* Begin PBXVariantGroup section */
		041F5E781EC1524B00DE7465 /* Main.storyboard */ = {
			isa = PBXVariantGroup;
			children = (
				041F5E791EC1524B00DE7465 /* Base */,
			);
			name = Main.storyboard;
			sourceTree = "<group>";
		};
		041F5E7D1EC1524B00DE7465 /* LaunchScreen.storyboard */ = {
			isa = PBXVariantGroup;
			children = (
				041F5E7E1EC1524B00DE7465 /* Base */,
			);
			name = LaunchScreen.storyboard;
			sourceTree = "<group>";
		};
		0484B2F01EBC4A60003C5BBF /* Main.storyboard */ = {
			isa = PBXVariantGroup;
			children = (
				0484B2F11EBC4A60003C5BBF /* Base */,
			);
			name = Main.storyboard;
			sourceTree = "<group>";
		};
		0484B2F51EBC4A60003C5BBF /* LaunchScreen.storyboard */ = {
			isa = PBXVariantGroup;
			children = (
				0484B2F61EBC4A60003C5BBF /* Base */,
			);
			name = LaunchScreen.storyboard;
			sourceTree = "<group>";
		};
		0484B31D1EBC6D1E003C5BBF /* Main.storyboard */ = {
			isa = PBXVariantGroup;
			children = (
				0484B31E1EBC6D1E003C5BBF /* Base */,
			);
			name = Main.storyboard;
			sourceTree = "<group>";
		};
		0484B3221EBC6D1E003C5BBF /* LaunchScreen.storyboard */ = {
			isa = PBXVariantGroup;
			children = (
				0484B3231EBC6D1E003C5BBF /* Base */,
			);
			name = LaunchScreen.storyboard;
			sourceTree = "<group>";
		};
		04A71BB41EC58DC200E290C8 /* Main.storyboard */ = {
			isa = PBXVariantGroup;
			children = (
				04A71BB51EC58DC200E290C8 /* Base */,
			);
			name = Main.storyboard;
			sourceTree = "<group>";
		};
		04A71BB91EC58DC200E290C8 /* LaunchScreen.storyboard */ = {
			isa = PBXVariantGroup;
			children = (
				04A71BBA1EC58DC200E290C8 /* Base */,
			);
			name = LaunchScreen.storyboard;
			sourceTree = "<group>";
		};
		04A71BE81EC59D4D00E290C8 /* Main.storyboard */ = {
			isa = PBXVariantGroup;
			children = (
				04A71BE91EC59D4D00E290C8 /* Base */,
			);
			name = Main.storyboard;
			sourceTree = "<group>";
		};
		04A71BED1EC59D4D00E290C8 /* LaunchScreen.storyboard */ = {
			isa = PBXVariantGroup;
			children = (
				04A71BEE1EC59D4D00E290C8 /* Base */,
			);
			name = LaunchScreen.storyboard;
			sourceTree = "<group>";
		};
		04D20AAF1EC0717200FC8F20 /* Main.storyboard */ = {
			isa = PBXVariantGroup;
			children = (
				04D20AB01EC0717200FC8F20 /* Base */,
			);
			name = Main.storyboard;
			sourceTree = "<group>";
		};
		04D20AB41EC0717200FC8F20 /* LaunchScreen.storyboard */ = {
			isa = PBXVariantGroup;
			children = (
				04D20AB51EC0717200FC8F20 /* Base */,
			);
			name = LaunchScreen.storyboard;
			sourceTree = "<group>";
		};
/* End PBXVariantGroup section */

/* Begin XCBuildConfiguration section */
		041F5E811EC1524B00DE7465 /* Debug */ = {
			isa = XCBuildConfiguration;
			buildSettings = {
				ASSETCATALOG_COMPILER_APPICON_NAME = AppIcon;
				DEVELOPMENT_TEAM = JKP4G35J39;
				INFOPLIST_FILE = Texture/Info.plist;
				LD_RUNPATH_SEARCH_PATHS = "$(inherited) @executable_path/Frameworks";
				PRODUCT_BUNDLE_IDENTIFIER = LLG.Texture;
				PRODUCT_NAME = "$(TARGET_NAME)";
			};
			name = Debug;
		};
		041F5E821EC1524B00DE7465 /* Release */ = {
			isa = XCBuildConfiguration;
			buildSettings = {
				ASSETCATALOG_COMPILER_APPICON_NAME = AppIcon;
				DEVELOPMENT_TEAM = JKP4G35J39;
				INFOPLIST_FILE = Texture/Info.plist;
				LD_RUNPATH_SEARCH_PATHS = "$(inherited) @executable_path/Frameworks";
				PRODUCT_BUNDLE_IDENTIFIER = LLG.Texture;
				PRODUCT_NAME = "$(TARGET_NAME)";
			};
			name = Release;
		};
		0484B2DC1EBC4A30003C5BBF /* Debug */ = {
			isa = XCBuildConfiguration;
			buildSettings = {
				ALWAYS_SEARCH_USER_PATHS = NO;
				CLANG_ANALYZER_NONNULL = YES;
				CLANG_ANALYZER_NUMBER_OBJECT_CONVERSION = YES_AGGRESSIVE;
				CLANG_CXX_LANGUAGE_STANDARD = "gnu++0x";
				CLANG_CXX_LIBRARY = "libc++";
				CLANG_ENABLE_MODULES = YES;
				CLANG_ENABLE_OBJC_ARC = YES;
				CLANG_WARN_BOOL_CONVERSION = YES;
				CLANG_WARN_CONSTANT_CONVERSION = YES;
				CLANG_WARN_DIRECT_OBJC_ISA_USAGE = YES_ERROR;
				CLANG_WARN_DOCUMENTATION_COMMENTS = YES;
				CLANG_WARN_EMPTY_BODY = YES;
				CLANG_WARN_ENUM_CONVERSION = YES;
				CLANG_WARN_INFINITE_RECURSION = YES;
				CLANG_WARN_INT_CONVERSION = YES;
				CLANG_WARN_OBJC_ROOT_CLASS = YES_ERROR;
				CLANG_WARN_SUSPICIOUS_MOVE = YES;
				CLANG_WARN_UNREACHABLE_CODE = YES;
				CLANG_WARN__DUPLICATE_METHOD_MATCH = YES;
				"CODE_SIGN_IDENTITY[sdk=iphoneos*]" = "iPhone Developer";
				COPY_PHASE_STRIP = NO;
				DEBUG_INFORMATION_FORMAT = dwarf;
				ENABLE_STRICT_OBJC_MSGSEND = YES;
				ENABLE_TESTABILITY = YES;
				GCC_C_LANGUAGE_STANDARD = gnu99;
				GCC_DYNAMIC_NO_PIC = NO;
				GCC_NO_COMMON_BLOCKS = YES;
				GCC_OPTIMIZATION_LEVEL = 0;
				GCC_PREPROCESSOR_DEFINITIONS = (
					"DEBUG=1",
					"$(inherited)",
				);
				GCC_WARN_64_TO_32_BIT_CONVERSION = YES;
				GCC_WARN_ABOUT_RETURN_TYPE = YES_ERROR;
				GCC_WARN_UNDECLARED_SELECTOR = YES;
				GCC_WARN_UNINITIALIZED_AUTOS = YES_AGGRESSIVE;
				GCC_WARN_UNUSED_FUNCTION = YES;
				GCC_WARN_UNUSED_VARIABLE = YES;
				HEADER_SEARCH_PATHS = (
					"$(glew_header)",
					"$(glfw_header)",
				);
				IPHONEOS_DEPLOYMENT_TARGET = 10.3;
				LIBRARY_SEARCH_PATHS = (
					"$(glew_lib)",
					"$(glfw_lib)",
				);
				MTL_ENABLE_DEBUG_INFO = YES;
				ONLY_ACTIVE_ARCH = YES;
				SDKROOT = iphoneos;
				TARGETED_DEVICE_FAMILY = "1,2";
			};
			name = Debug;
		};
		0484B2DD1EBC4A30003C5BBF /* Release */ = {
			isa = XCBuildConfiguration;
			buildSettings = {
				ALWAYS_SEARCH_USER_PATHS = NO;
				CLANG_ANALYZER_NONNULL = YES;
				CLANG_ANALYZER_NUMBER_OBJECT_CONVERSION = YES_AGGRESSIVE;
				CLANG_CXX_LANGUAGE_STANDARD = "gnu++0x";
				CLANG_CXX_LIBRARY = "libc++";
				CLANG_ENABLE_MODULES = YES;
				CLANG_ENABLE_OBJC_ARC = YES;
				CLANG_WARN_BOOL_CONVERSION = YES;
				CLANG_WARN_CONSTANT_CONVERSION = YES;
				CLANG_WARN_DIRECT_OBJC_ISA_USAGE = YES_ERROR;
				CLANG_WARN_DOCUMENTATION_COMMENTS = YES;
				CLANG_WARN_EMPTY_BODY = YES;
				CLANG_WARN_ENUM_CONVERSION = YES;
				CLANG_WARN_INFINITE_RECURSION = YES;
				CLANG_WARN_INT_CONVERSION = YES;
				CLANG_WARN_OBJC_ROOT_CLASS = YES_ERROR;
				CLANG_WARN_SUSPICIOUS_MOVE = YES;
				CLANG_WARN_UNREACHABLE_CODE = YES;
				CLANG_WARN__DUPLICATE_METHOD_MATCH = YES;
				"CODE_SIGN_IDENTITY[sdk=iphoneos*]" = "iPhone Developer";
				COPY_PHASE_STRIP = NO;
				DEBUG_INFORMATION_FORMAT = "dwarf-with-dsym";
				ENABLE_NS_ASSERTIONS = NO;
				ENABLE_STRICT_OBJC_MSGSEND = YES;
				GCC_C_LANGUAGE_STANDARD = gnu99;
				GCC_NO_COMMON_BLOCKS = YES;
				GCC_WARN_64_TO_32_BIT_CONVERSION = YES;
				GCC_WARN_ABOUT_RETURN_TYPE = YES_ERROR;
				GCC_WARN_UNDECLARED_SELECTOR = YES;
				GCC_WARN_UNINITIALIZED_AUTOS = YES_AGGRESSIVE;
				GCC_WARN_UNUSED_FUNCTION = YES;
				GCC_WARN_UNUSED_VARIABLE = YES;
				HEADER_SEARCH_PATHS = (
					"$(glew_header)",
					"$(glfw_header)",
				);
				IPHONEOS_DEPLOYMENT_TARGET = 10.3;
				LIBRARY_SEARCH_PATHS = (
					"$(glew_lib)",
					"$(glfw_lib)",
				);
				MTL_ENABLE_DEBUG_INFO = NO;
				SDKROOT = iphoneos;
				TARGETED_DEVICE_FAMILY = "1,2";
				VALIDATE_PRODUCT = YES;
			};
			name = Release;
		};
		0484B2FA1EBC4A60003C5BBF /* Debug */ = {
			isa = XCBuildConfiguration;
			buildSettings = {
				ASSETCATALOG_COMPILER_APPICON_NAME = AppIcon;
				"CODE_SIGN_IDENTITY[sdk=iphoneos*]" = "iPhone Developer";
				DEVELOPMENT_TEAM = JKP4G35J39;
				INFOPLIST_FILE = Triangle/Info.plist;
				IPHONEOS_DEPLOYMENT_TARGET = 10.0;
				LD_RUNPATH_SEARCH_PATHS = "$(inherited) @executable_path/Frameworks";
				PRODUCT_BUNDLE_IDENTIFIER = LLG.Triangle;
				PRODUCT_NAME = "$(TARGET_NAME)";
				PROVISIONING_PROFILE_SPECIFIER = "";
			};
			name = Debug;
		};
		0484B2FB1EBC4A60003C5BBF /* Release */ = {
			isa = XCBuildConfiguration;
			buildSettings = {
				ASSETCATALOG_COMPILER_APPICON_NAME = AppIcon;
				"CODE_SIGN_IDENTITY[sdk=iphoneos*]" = "iPhone Developer";
				DEVELOPMENT_TEAM = JKP4G35J39;
				INFOPLIST_FILE = Triangle/Info.plist;
				IPHONEOS_DEPLOYMENT_TARGET = 10.0;
				LD_RUNPATH_SEARCH_PATHS = "$(inherited) @executable_path/Frameworks";
				PRODUCT_BUNDLE_IDENTIFIER = LLG.Triangle;
				PRODUCT_NAME = "$(TARGET_NAME)";
				PROVISIONING_PROFILE_SPECIFIER = "";
			};
			name = Release;
		};
		0484B3271EBC6D1E003C5BBF /* Debug */ = {
			isa = XCBuildConfiguration;
			buildSettings = {
				ASSETCATALOG_COMPILER_APPICON_NAME = AppIcon;
				DEVELOPMENT_TEAM = 96LBVKMT33;
				INFOPLIST_FILE = Triangle_improve/Info.plist;
				LD_RUNPATH_SEARCH_PATHS = "$(inherited) @executable_path/Frameworks";
				LIBRARY_SEARCH_PATHS = (
					"$(glew_lib)",
					"$(glfw_lib)",
				);
				PRODUCT_BUNDLE_IDENTIFIER = "LLG.Triangle-improve";
				PRODUCT_NAME = "$(TARGET_NAME)";
			};
			name = Debug;
		};
		0484B3281EBC6D1E003C5BBF /* Release */ = {
			isa = XCBuildConfiguration;
			buildSettings = {
				ASSETCATALOG_COMPILER_APPICON_NAME = AppIcon;
				DEVELOPMENT_TEAM = 96LBVKMT33;
				INFOPLIST_FILE = Triangle_improve/Info.plist;
				LD_RUNPATH_SEARCH_PATHS = "$(inherited) @executable_path/Frameworks";
				LIBRARY_SEARCH_PATHS = (
					"$(glew_lib)",
					"$(glfw_lib)",
				);
				PRODUCT_BUNDLE_IDENTIFIER = "LLG.Triangle-improve";
				PRODUCT_NAME = "$(TARGET_NAME)";
			};
			name = Release;
		};
		04A71BBE1EC58DC200E290C8 /* Debug */ = {
			isa = XCBuildConfiguration;
			buildSettings = {
				ASSETCATALOG_COMPILER_APPICON_NAME = AppIcon;
				DEVELOPMENT_TEAM = 96LBVKMT33;
				INFOPLIST_FILE = Cube/Info.plist;
				LD_RUNPATH_SEARCH_PATHS = "$(inherited) @executable_path/Frameworks";
				PRODUCT_BUNDLE_IDENTIFIER = LLG.Cube;
				PRODUCT_NAME = "$(TARGET_NAME)";
			};
			name = Debug;
		};
		04A71BBF1EC58DC200E290C8 /* Release */ = {
			isa = XCBuildConfiguration;
			buildSettings = {
				ASSETCATALOG_COMPILER_APPICON_NAME = AppIcon;
				DEVELOPMENT_TEAM = 96LBVKMT33;
				INFOPLIST_FILE = Cube/Info.plist;
				LD_RUNPATH_SEARCH_PATHS = "$(inherited) @executable_path/Frameworks";
				PRODUCT_BUNDLE_IDENTIFIER = LLG.Cube;
				PRODUCT_NAME = "$(TARGET_NAME)";
			};
			name = Release;
		};
		04A71BF21EC59D4D00E290C8 /* Debug */ = {
			isa = XCBuildConfiguration;
			buildSettings = {
				ASSETCATALOG_COMPILER_APPICON_NAME = AppIcon;
				DEVELOPMENT_TEAM = 96LBVKMT33;
				INFOPLIST_FILE = Cube_Texture/Info.plist;
				LD_RUNPATH_SEARCH_PATHS = "$(inherited) @executable_path/Frameworks";
				PRODUCT_BUNDLE_IDENTIFIER = "LLG.Cube-Texture";
				PRODUCT_NAME = "$(TARGET_NAME)";
			};
			name = Debug;
		};
		04A71BF31EC59D4D00E290C8 /* Release */ = {
			isa = XCBuildConfiguration;
			buildSettings = {
				ASSETCATALOG_COMPILER_APPICON_NAME = AppIcon;
				DEVELOPMENT_TEAM = 96LBVKMT33;
				INFOPLIST_FILE = Cube_Texture/Info.plist;
				LD_RUNPATH_SEARCH_PATHS = "$(inherited) @executable_path/Frameworks";
				PRODUCT_BUNDLE_IDENTIFIER = "LLG.Cube-Texture";
				PRODUCT_NAME = "$(TARGET_NAME)";
			};
			name = Release;
		};
		04D20AB91EC0717200FC8F20 /* Debug */ = {
			isa = XCBuildConfiguration;
			buildSettings = {
				ASSETCATALOG_COMPILER_APPICON_NAME = AppIcon;
				DEVELOPMENT_TEAM = JKP4G35J39;
				INFOPLIST_FILE = TriangleWithoutGLSL/Info.plist;
				LD_RUNPATH_SEARCH_PATHS = "$(inherited) @executable_path/Frameworks";
				PRODUCT_BUNDLE_IDENTIFIER = LLG.TriangleWithoutGLSL;
				PRODUCT_NAME = "$(TARGET_NAME)";
			};
			name = Debug;
		};
		04D20ABA1EC0717200FC8F20 /* Release */ = {
			isa = XCBuildConfiguration;
			buildSettings = {
				ASSETCATALOG_COMPILER_APPICON_NAME = AppIcon;
				DEVELOPMENT_TEAM = JKP4G35J39;
				INFOPLIST_FILE = TriangleWithoutGLSL/Info.plist;
				LD_RUNPATH_SEARCH_PATHS = "$(inherited) @executable_path/Frameworks";
				PRODUCT_BUNDLE_IDENTIFIER = LLG.TriangleWithoutGLSL;
				PRODUCT_NAME = "$(TARGET_NAME)";
			};
			name = Release;
		};
/* End XCBuildConfiguration section */

/* Begin XCConfigurationList section */
		041F5E831EC1524B00DE7465 /* Build configuration list for PBXNativeTarget "Texture_GLKit" */ = {
			isa = XCConfigurationList;
			buildConfigurations = (
				041F5E811EC1524B00DE7465 /* Debug */,
				041F5E821EC1524B00DE7465 /* Release */,
			);
			defaultConfigurationIsVisible = 0;
			defaultConfigurationName = Release;
		};
		0484B2C21EBC4A30003C5BBF /* Build configuration list for PBXProject "OpenGLES" */ = {
			isa = XCConfigurationList;
			buildConfigurations = (
				0484B2DC1EBC4A30003C5BBF /* Debug */,
				0484B2DD1EBC4A30003C5BBF /* Release */,
			);
			defaultConfigurationIsVisible = 0;
			defaultConfigurationName = Release;
		};
		0484B2F91EBC4A60003C5BBF /* Build configuration list for PBXNativeTarget "Triangle" */ = {
			isa = XCConfigurationList;
			buildConfigurations = (
				0484B2FA1EBC4A60003C5BBF /* Debug */,
				0484B2FB1EBC4A60003C5BBF /* Release */,
			);
			defaultConfigurationIsVisible = 0;
			defaultConfigurationName = Release;
		};
		0484B3261EBC6D1E003C5BBF /* Build configuration list for PBXNativeTarget "Triangle_animation" */ = {
			isa = XCConfigurationList;
			buildConfigurations = (
				0484B3271EBC6D1E003C5BBF /* Debug */,
				0484B3281EBC6D1E003C5BBF /* Release */,
			);
			defaultConfigurationIsVisible = 0;
			defaultConfigurationName = Release;
		};
		04A71BBD1EC58DC200E290C8 /* Build configuration list for PBXNativeTarget "Cube" */ = {
			isa = XCConfigurationList;
			buildConfigurations = (
				04A71BBE1EC58DC200E290C8 /* Debug */,
				04A71BBF1EC58DC200E290C8 /* Release */,
			);
			defaultConfigurationIsVisible = 0;
			defaultConfigurationName = Release;
		};
		04A71BF11EC59D4D00E290C8 /* Build configuration list for PBXNativeTarget "Cube_Texture" */ = {
			isa = XCConfigurationList;
			buildConfigurations = (
				04A71BF21EC59D4D00E290C8 /* Debug */,
				04A71BF31EC59D4D00E290C8 /* Release */,
			);
			defaultConfigurationIsVisible = 0;
			defaultConfigurationName = Release;
		};
		04D20AB81EC0717200FC8F20 /* Build configuration list for PBXNativeTarget "Triangle_GLKit" */ = {
			isa = XCConfigurationList;
			buildConfigurations = (
				04D20AB91EC0717200FC8F20 /* Debug */,
				04D20ABA1EC0717200FC8F20 /* Release */,
			);
			defaultConfigurationIsVisible = 0;
			defaultConfigurationName = Release;
		};
/* End XCConfigurationList section */
	};
	rootObject = 0484B2BF1EBC4A30003C5BBF /* Project object */;
}
